
Microsoft Visual Studio Solution File, Format Version 12.00
# Visual Studio Version 17
VisualStudioVersion = 17.0.32014.148
MinimumVisualStudioVersion = 10.0.40219.1
Project("{2150E333-8FDC-42A3-9474-1A3956D46DE8}") = "HellTakerResource", "HellTakerResource", "{A23070A5-53E7-4276-BF54-9C22EF8E89D1}"
	ProjectSection(SolutionItems) = preProject
		HelltakerResoucre\100tile0001.png = HelltakerResoucre\100tile0001.png
		HelltakerResoucre\100tile0002.png = HelltakerResoucre\100tile0002.png
		HelltakerResoucre\100tile0003.png = HelltakerResoucre\100tile0003.png
		HelltakerResoucre\assets100V20053.png = HelltakerResoucre\assets100V20053.png
		HelltakerResoucre\assets100V20054.png = HelltakerResoucre\assets100V20054.png
		HelltakerResoucre\assets100V20055.png = HelltakerResoucre\assets100V20055.png
		HelltakerResoucre\assets100V20056.png = HelltakerResoucre\assets100V20056.png
		HelltakerResoucre\assets100V20057.png = HelltakerResoucre\assets100V20057.png
		HelltakerResoucre\assets100V20058.png = HelltakerResoucre\assets100V20058.png
		HelltakerResoucre\assets100V20081.png = HelltakerResoucre\assets100V20081.png
		HelltakerResoucre\assets100V20104.png = HelltakerResoucre\assets100V20104.png
		HelltakerResoucre\assets100V20105.png = HelltakerResoucre\assets100V20105.png
		HelltakerResoucre\assets100V20106.png = HelltakerResoucre\assets100V20106.png
		HelltakerResoucre\assets100V20107.png = HelltakerResoucre\assets100V20107.png
		HelltakerResoucre\assets100V20108.png = HelltakerResoucre\assets100V20108.png
		HelltakerResoucre\assets100V20109.png = HelltakerResoucre\assets100V20109.png
		HelltakerResoucre\assets100V20110.png = HelltakerResoucre\assets100V20110.png
		HelltakerResoucre\assets100V20111.png = HelltakerResoucre\assets100V20111.png
		HelltakerResoucre\assets100V20112.png = HelltakerResoucre\assets100V20112.png
		HelltakerResoucre\assets100V20113.png = HelltakerResoucre\assets100V20113.png
		HelltakerResoucre\assets100V20114.png = HelltakerResoucre\assets100V20114.png
		HelltakerResoucre\assets100V20115.png = HelltakerResoucre\assets100V20115.png
		HelltakerResoucre\assets100V20116.png = HelltakerResoucre\assets100V20116.png
		HelltakerResoucre\assets100V20117.png = HelltakerResoucre\assets100V20117.png
		HelltakerResoucre\assets100V20118.png = HelltakerResoucre\assets100V20118.png
		HelltakerResoucre\assets100V20119.png = HelltakerResoucre\assets100V20119.png
		HelltakerResoucre\assets100V20120.png = HelltakerResoucre\assets100V20120.png
		HelltakerResoucre\assets100V20121.png = HelltakerResoucre\assets100V20121.png
		HelltakerResoucre\assets100V20122.png = HelltakerResoucre\assets100V20122.png
		HelltakerResoucre\assets100V20123.png = HelltakerResoucre\assets100V20123.png
		HelltakerResoucre\assets100V20198.png = HelltakerResoucre\assets100V20198.png
		HelltakerResoucre\assets100V20199.png = HelltakerResoucre\assets100V20199.png
		HelltakerResoucre\assets100V20200.png = HelltakerResoucre\assets100V20200.png
		HelltakerResoucre\assets100V20201.png = HelltakerResoucre\assets100V20201.png
		HelltakerResoucre\assets100V20202.png = HelltakerResoucre\assets100V20202.png
		HelltakerResoucre\assets100V20203.png = HelltakerResoucre\assets100V20203.png
		HelltakerResoucre\assets100V20225.png = HelltakerResoucre\assets100V20225.png
		HelltakerResoucre\assets100V20226.png = HelltakerResoucre\assets100V20226.png
		HelltakerResoucre\assets100V20227.png = HelltakerResoucre\assets100V20227.png
		HelltakerResoucre\assets100V20228.png = HelltakerResoucre\assets100V20228.png
		HelltakerResoucre\assets100V20229.png = HelltakerResoucre\assets100V20229.png
		HelltakerResoucre\assets100V20230.png = HelltakerResoucre\assets100V20230.png
		HelltakerResoucre\assets100V20231.png = HelltakerResoucre\assets100V20231.png
		HelltakerResoucre\assets100V20232.png = HelltakerResoucre\assets100V20232.png
		HelltakerResoucre\assets100V20233.png = HelltakerResoucre\assets100V20233.png
		HelltakerResoucre\assets100V20234.png = HelltakerResoucre\assets100V20234.png
		HelltakerResoucre\assets100V20235.png = HelltakerResoucre\assets100V20235.png
		HelltakerResoucre\assets100V20236.png = HelltakerResoucre\assets100V20236.png
		HelltakerResoucre\az_idle.png = HelltakerResoucre\az_idle.png
		HelltakerResoucre\az_note.png = HelltakerResoucre\az_note.png
		HelltakerResoucre\az_shock.png = HelltakerResoucre\az_shock.png
		HelltakerResoucre\azazel_finalModel0001.png = HelltakerResoucre\azazel_finalModel0001.png
		HelltakerResoucre\azazel_finalModel0002.png = HelltakerResoucre\azazel_finalModel0002.png
		HelltakerResoucre\azazel_finalModel0003.png = HelltakerResoucre\azazel_finalModel0003.png
		HelltakerResoucre\azazel_finalModel0004.png = HelltakerResoucre\azazel_finalModel0004.png
		HelltakerResoucre\azazel_finalModel0005.png = HelltakerResoucre\azazel_finalModel0005.png
		HelltakerResoucre\azazel_finalModel0006.png = HelltakerResoucre\azazel_finalModel0006.png
		HelltakerResoucre\azazel_finalModel0007.png = HelltakerResoucre\azazel_finalModel0007.png
		HelltakerResoucre\azazel_finalModel0008.png = HelltakerResoucre\azazel_finalModel0008.png
		HelltakerResoucre\azazel_finalModel0009.png = HelltakerResoucre\azazel_finalModel0009.png
		HelltakerResoucre\azazel_finalModel0010.png = HelltakerResoucre\azazel_finalModel0010.png
		HelltakerResoucre\azazel_finalModel0011.png = HelltakerResoucre\azazel_finalModel0011.png
		HelltakerResoucre\azazel_finalModel0012.png = HelltakerResoucre\azazel_finalModel0012.png
		HelltakerResoucre\backup_lockbox.png = HelltakerResoucre\backup_lockbox.png
		HelltakerResoucre\beel_fly.png = HelltakerResoucre\beel_fly.png
		HelltakerResoucre\beel_fly_portal.png = HelltakerResoucre\beel_fly_portal.png
		HelltakerResoucre\beel_grand.png = HelltakerResoucre\beel_grand.png
		HelltakerResoucre\beel_idle.png = HelltakerResoucre\beel_idle.png
		HelltakerResoucre\beel_pc.png = HelltakerResoucre\beel_pc.png
		HelltakerResoucre\beelSwipe (1).png = HelltakerResoucre\beelSwipe (1).png
		HelltakerResoucre\beelSwipe (2).png = HelltakerResoucre\beelSwipe (2).png
		HelltakerResoucre\beelSwipe (3).png = HelltakerResoucre\beelSwipe (3).png
		HelltakerResoucre\beelSwipe (4).png = HelltakerResoucre\beelSwipe (4).png
		HelltakerResoucre\beelSwipe (5).png = HelltakerResoucre\beelSwipe (5).png
		HelltakerResoucre\beelSwipe (6).png = HelltakerResoucre\beelSwipe (6).png
		HelltakerResoucre\beelSwipe (7).png = HelltakerResoucre\beelSwipe (7).png
		HelltakerResoucre\beelSwipe (8).png = HelltakerResoucre\beelSwipe (8).png
		HelltakerResoucre\beelSwipe (9).png = HelltakerResoucre\beelSwipe (9).png
		HelltakerResoucre\booper0001.png = HelltakerResoucre\booper0001.png
		HelltakerResoucre\booper0002.png = HelltakerResoucre\booper0002.png
		HelltakerResoucre\booper0003.png = HelltakerResoucre\booper0003.png
		HelltakerResoucre\booper0004.png = HelltakerResoucre\booper0004.png
		HelltakerResoucre\booper0005.png = HelltakerResoucre\booper0005.png
		HelltakerResoucre\booper0006.png = HelltakerResoucre\booper0006.png
		HelltakerResoucre\booper0007.png = HelltakerResoucre\booper0007.png
		HelltakerResoucre\booper0008.png = HelltakerResoucre\booper0008.png
		HelltakerResoucre\booper0009.png = HelltakerResoucre\booper0009.png
		HelltakerResoucre\booper0010.png = HelltakerResoucre\booper0010.png
		HelltakerResoucre\booper0011.png = HelltakerResoucre\booper0011.png
		HelltakerResoucre\booper0012.png = HelltakerResoucre\booper0012.png
		HelltakerResoucre\booper0013.png = HelltakerResoucre\booper0013.png
		HelltakerResoucre\booper0014.png = HelltakerResoucre\booper0014.png
		HelltakerResoucre\booper0015.png = HelltakerResoucre\booper0015.png
		HelltakerResoucre\booper0016.png = HelltakerResoucre\booper0016.png
		HelltakerResoucre\booper0017.png = HelltakerResoucre\booper0017.png
		HelltakerResoucre\booper0018.png = HelltakerResoucre\booper0018.png
		HelltakerResoucre\booper0019.png = HelltakerResoucre\booper0019.png
		HelltakerResoucre\booper0020.png = HelltakerResoucre\booper0020.png
		HelltakerResoucre\booper0021.png = HelltakerResoucre\booper0021.png
		HelltakerResoucre\booper0022.png = HelltakerResoucre\booper0022.png
		HelltakerResoucre\booper0023.png = HelltakerResoucre\booper0023.png
		HelltakerResoucre\booper0024.png = HelltakerResoucre\booper0024.png
		HelltakerResoucre\booper0025.png = HelltakerResoucre\booper0025.png
		HelltakerResoucre\booper0026.png = HelltakerResoucre\booper0026.png
		HelltakerResoucre\booper0027.png = HelltakerResoucre\booper0027.png
		HelltakerResoucre\booper0028.png = HelltakerResoucre\booper0028.png
		HelltakerResoucre\boss_EXPORT20001.png = HelltakerResoucre\boss_EXPORT20001.png
		HelltakerResoucre\boss_EXPORT20002.png = HelltakerResoucre\boss_EXPORT20002.png
		HelltakerResoucre\boss_EXPORT20003.png = HelltakerResoucre\boss_EXPORT20003.png
		HelltakerResoucre\boss_EXPORT20004.png = HelltakerResoucre\boss_EXPORT20004.png
		HelltakerResoucre\boss_EXPORT20005.png = HelltakerResoucre\boss_EXPORT20005.png
		HelltakerResoucre\boss_EXPORT20006.png = HelltakerResoucre\boss_EXPORT20006.png
		HelltakerResoucre\boss_EXPORT20007.png = HelltakerResoucre\boss_EXPORT20007.png
		HelltakerResoucre\boss_EXPORT20008.png = HelltakerResoucre\boss_EXPORT20008.png
		HelltakerResoucre\boss_EXPORT20041.png = HelltakerResoucre\boss_EXPORT20041.png
		HelltakerResoucre\boss_EXPORT20052.png = HelltakerResoucre\boss_EXPORT20052.png
		HelltakerResoucre\boss_EXPORT20053.png = HelltakerResoucre\boss_EXPORT20053.png
		HelltakerResoucre\boss_EXPORT20054.png = HelltakerResoucre\boss_EXPORT20054.png
		HelltakerResoucre\boss_EXPORT20055.png = HelltakerResoucre\boss_EXPORT20055.png
		HelltakerResoucre\boss_EXPORT20056.png = HelltakerResoucre\boss_EXPORT20056.png
		HelltakerResoucre\boss_EXPORT20057.png = HelltakerResoucre\boss_EXPORT20057.png
		HelltakerResoucre\boss_EXPORT20058.png = HelltakerResoucre\boss_EXPORT20058.png
		HelltakerResoucre\boss_EXPORT_HALF0009.png = HelltakerResoucre\boss_EXPORT_HALF0009.png
		HelltakerResoucre\boss_EXPORT_HALF0010.png = HelltakerResoucre\boss_EXPORT_HALF0010.png
		HelltakerResoucre\boss_EXPORT_HALF0011.png = HelltakerResoucre\boss_EXPORT_HALF0011.png
		HelltakerResoucre\boss_EXPORT_HALF0012.png = HelltakerResoucre\boss_EXPORT_HALF0012.png
		HelltakerResoucre\boss_EXPORT_HALF0013.png = HelltakerResoucre\boss_EXPORT_HALF0013.png
		HelltakerResoucre\boss_EXPORT_HALF0014.png = HelltakerResoucre\boss_EXPORT_HALF0014.png
		HelltakerResoucre\boss_EXPORT_HALF0015.png = HelltakerResoucre\boss_EXPORT_HALF0015.png
		HelltakerResoucre\boss_EXPORT_HALF0016.png = HelltakerResoucre\boss_EXPORT_HALF0016.png
		HelltakerResoucre\boss_EXPORT_HALF0017.png = HelltakerResoucre\boss_EXPORT_HALF0017.png
		HelltakerResoucre\boss_EXPORT_HALF0018.png = HelltakerResoucre\boss_EXPORT_HALF0018.png
		HelltakerResoucre\boss_EXPORT_HALF0019.png = HelltakerResoucre\boss_EXPORT_HALF0019.png
		HelltakerResoucre\boss_EXPORT_HALF0020.png = HelltakerResoucre\boss_EXPORT_HALF0020.png
		HelltakerResoucre\boss_EXPORT_HALF0021.png = HelltakerResoucre\boss_EXPORT_HALF0021.png
		HelltakerResoucre\boss_EXPORT_HALF0022.png = HelltakerResoucre\boss_EXPORT_HALF0022.png
		HelltakerResoucre\boss_EXPORT_HALF0023.png = HelltakerResoucre\boss_EXPORT_HALF0023.png
		HelltakerResoucre\boss_EXPORT_HALF0024.png = HelltakerResoucre\boss_EXPORT_HALF0024.png
		HelltakerResoucre\boss_EXPORT_HALF0025.png = HelltakerResoucre\boss_EXPORT_HALF0025.png
		HelltakerResoucre\boss_EXPORT_HALF0026.png = HelltakerResoucre\boss_EXPORT_HALF0026.png
		HelltakerResoucre\boss_EXPORT_HALF0027.png = HelltakerResoucre\boss_EXPORT_HALF0027.png
		HelltakerResoucre\boss_EXPORT_HALF0028.png = HelltakerResoucre\boss_EXPORT_HALF0028.png
		HelltakerResoucre\boss_EXPORT_HALF0029.png = HelltakerResoucre\boss_EXPORT_HALF0029.png
		HelltakerResoucre\boss_EXPORT_HALF0030.png = HelltakerResoucre\boss_EXPORT_HALF0030.png
		HelltakerResoucre\boss_EXPORT_HALF0031.png = HelltakerResoucre\boss_EXPORT_HALF0031.png
		HelltakerResoucre\boss_EXPORT_HALF0032.png = HelltakerResoucre\boss_EXPORT_HALF0032.png
		HelltakerResoucre\boss_EXPORT_HALF0033.png = HelltakerResoucre\boss_EXPORT_HALF0033.png
		HelltakerResoucre\boss_EXPORT_HALF0034.png = HelltakerResoucre\boss_EXPORT_HALF0034.png
		HelltakerResoucre\boss_EXPORT_HALF0035.png = HelltakerResoucre\boss_EXPORT_HALF0035.png
		HelltakerResoucre\boss_EXPORT_HALF0036.png = HelltakerResoucre\boss_EXPORT_HALF0036.png
		HelltakerResoucre\boss_EXPORT_HALF0037.png = HelltakerResoucre\boss_EXPORT_HALF0037.png
		HelltakerResoucre\boss_EXPORT_HALF0038.png = HelltakerResoucre\boss_EXPORT_HALF0038.png
		HelltakerResoucre\boss_EXPORT_HALF0039.png = HelltakerResoucre\boss_EXPORT_HALF0039.png
		HelltakerResoucre\boss_EXPORT_HALF0040.png = HelltakerResoucre\boss_EXPORT_HALF0040.png
		HelltakerResoucre\boss_EXPORT_HALF0041.png = HelltakerResoucre\boss_EXPORT_HALF0041.png
		HelltakerResoucre\boss_EXPORT_HALF0042.png = HelltakerResoucre\boss_EXPORT_HALF0042.png
		HelltakerResoucre\boss_EXPORT_HALF0043.png = HelltakerResoucre\boss_EXPORT_HALF0043.png
		HelltakerResoucre\boss_EXPORT_HALF0044.png = HelltakerResoucre\boss_EXPORT_HALF0044.png
		HelltakerResoucre\boss_EXPORT_HALF0045.png = HelltakerResoucre\boss_EXPORT_HALF0045.png
		HelltakerResoucre\boss_EXPORT_HALF0046.png = HelltakerResoucre\boss_EXPORT_HALF0046.png
		HelltakerResoucre\boss_EXPORT_HALF0047.png = HelltakerResoucre\boss_EXPORT_HALF0047.png
		HelltakerResoucre\boss_EXPORT_HALF0048.png = HelltakerResoucre\boss_EXPORT_HALF0048.png
		HelltakerResoucre\boss_EXPORT_HALF0049.png = HelltakerResoucre\boss_EXPORT_HALF0049.png
		HelltakerResoucre\boss_EXPORT_HALF0050.png = HelltakerResoucre\boss_EXPORT_HALF0050.png
		HelltakerResoucre\boss_EXPORT_HALF0051.png = HelltakerResoucre\boss_EXPORT_HALF0051.png
		HelltakerResoucre\boss_EXPORT_HALF_breath.png = HelltakerResoucre\boss_EXPORT_HALF_breath.png
		HelltakerResoucre\bossFloor.png = HelltakerResoucre\bossFloor.png
		HelltakerResoucre\boxExport0001.png = HelltakerResoucre\boxExport0001.png
		HelltakerResoucre\boxExport0002.png = HelltakerResoucre\boxExport0002.png
		HelltakerResoucre\boxExport0003.png = HelltakerResoucre\boxExport0003.png
		HelltakerResoucre\boxExport0004.png = HelltakerResoucre\boxExport0004.png
		HelltakerResoucre\boxExport0005.png = HelltakerResoucre\boxExport0005.png
		HelltakerResoucre\boxExport0006.png = HelltakerResoucre\boxExport0006.png
		HelltakerResoucre\boxExport0007.png = HelltakerResoucre\boxExport0007.png
		HelltakerResoucre\boxExport0008.png = HelltakerResoucre\boxExport0008.png
		HelltakerResoucre\boxExport0009.png = HelltakerResoucre\boxExport0009.png
		HelltakerResoucre\boxExport0010.png = HelltakerResoucre\boxExport0010.png
		HelltakerResoucre\boxExport0011.png = HelltakerResoucre\boxExport0011.png
		HelltakerResoucre\break_dlc.png = HelltakerResoucre\break_dlc.png
		HelltakerResoucre\bridgeInner.png = HelltakerResoucre\bridgeInner.png
		HelltakerResoucre\bridgeOuter.png = HelltakerResoucre\bridgeOuter.png
		HelltakerResoucre\button0003.png = HelltakerResoucre\button0003.png
		HelltakerResoucre\button0004.png = HelltakerResoucre\button0004.png
		HelltakerResoucre\button_small.png = HelltakerResoucre\button_small.png
		HelltakerResoucre\cannon_EXPORT_BG0002.png = HelltakerResoucre\cannon_EXPORT_BG0002.png
		HelltakerResoucre\cannon_EXPORT_INSIDE.png = HelltakerResoucre\cannon_EXPORT_INSIDE.png
		HelltakerResoucre\cannon_EXPORT_PIECE0001.png = HelltakerResoucre\cannon_EXPORT_PIECE0001.png
		HelltakerResoucre\cannon_EXPORT_PIECE0002.png = HelltakerResoucre\cannon_EXPORT_PIECE0002.png
		HelltakerResoucre\cannon_EXPORT_PIECE0003.png = HelltakerResoucre\cannon_EXPORT_PIECE0003.png
		HelltakerResoucre\cannon_EXPORT_PIECE0004.png = HelltakerResoucre\cannon_EXPORT_PIECE0004.png
		HelltakerResoucre\cannon_EXPORT_PIECE0005.png = HelltakerResoucre\cannon_EXPORT_PIECE0005.png
		HelltakerResoucre\cannon_EXPORT_PIECE0006.png = HelltakerResoucre\cannon_EXPORT_PIECE0006.png
		HelltakerResoucre\cannon_EXPORT_SHELL0001.png = HelltakerResoucre\cannon_EXPORT_SHELL0001.png
		HelltakerResoucre\cannon_EXPORT_SHELL0002.png = HelltakerResoucre\cannon_EXPORT_SHELL0002.png
		HelltakerResoucre\cannon_EXPORT_SHELL0003.png = HelltakerResoucre\cannon_EXPORT_SHELL0003.png
		HelltakerResoucre\cannon_EXPORT_SHELL0004.png = HelltakerResoucre\cannon_EXPORT_SHELL0004.png
		HelltakerResoucre\cannon_EXPORT_SHELL0005.png = HelltakerResoucre\cannon_EXPORT_SHELL0005.png
		HelltakerResoucre\cannon_EXPORT_SHELL0006.png = HelltakerResoucre\cannon_EXPORT_SHELL0006.png
		HelltakerResoucre\cannon_EXPORT_SHELL0007.png = HelltakerResoucre\cannon_EXPORT_SHELL0007.png
		HelltakerResoucre\cannon_EXPORT_SHELL0008.png = HelltakerResoucre\cannon_EXPORT_SHELL0008.png
		HelltakerResoucre\cannon_EXPORT_SHELL0009.png = HelltakerResoucre\cannon_EXPORT_SHELL0009.png
		HelltakerResoucre\cannon_EXPORT_SHELL0010.png = HelltakerResoucre\cannon_EXPORT_SHELL0010.png
		HelltakerResoucre\cer_bad.png = HelltakerResoucre\cer_bad.png
		HelltakerResoucre\cer_happy.png = HelltakerResoucre\cer_happy.png
		HelltakerResoucre\cer_idle.png = HelltakerResoucre\cer_idle.png
		HelltakerResoucre\cerberus_finalModel0001.png = HelltakerResoucre\cerberus_finalModel0001.png
		HelltakerResoucre\cerberus_finalModel0002.png = HelltakerResoucre\cerberus_finalModel0002.png
		HelltakerResoucre\cerberus_finalModel0003.png = HelltakerResoucre\cerberus_finalModel0003.png
		HelltakerResoucre\cerberus_finalModel0004.png = HelltakerResoucre\cerberus_finalModel0004.png
		HelltakerResoucre\cerberus_finalModel0005.png = HelltakerResoucre\cerberus_finalModel0005.png
		HelltakerResoucre\cerberus_finalModel0006.png = HelltakerResoucre\cerberus_finalModel0006.png
		HelltakerResoucre\cerberus_finalModel0007.png = HelltakerResoucre\cerberus_finalModel0007.png
		HelltakerResoucre\cerberus_finalModel0008.png = HelltakerResoucre\cerberus_finalModel0008.png
		HelltakerResoucre\cerberus_finalModel0009.png = HelltakerResoucre\cerberus_finalModel0009.png
		HelltakerResoucre\cerberus_finalModel0010.png = HelltakerResoucre\cerberus_finalModel0010.png
		HelltakerResoucre\cerberus_finalModel0011.png = HelltakerResoucre\cerberus_finalModel0011.png
		HelltakerResoucre\cerberus_finalModel0012.png = HelltakerResoucre\cerberus_finalModel0012.png
		HelltakerResoucre\chain25angle.png = HelltakerResoucre\chain25angle.png
		HelltakerResoucre\chain25angleBroken.png = HelltakerResoucre\chain25angleBroken.png
		HelltakerResoucre\chainlink.png = HelltakerResoucre\chainlink.png
		HelltakerResoucre\chainlink2.png = HelltakerResoucre\chainlink2.png
		HelltakerResoucre\chapterBG0001.png = HelltakerResoucre\chapterBG0001.png
		HelltakerResoucre\chapterBG0002.png = HelltakerResoucre\chapterBG0002.png
		HelltakerResoucre\chapterBG0003.png = HelltakerResoucre\chapterBG0003.png
		HelltakerResoucre\chapterBG0004.png = HelltakerResoucre\chapterBG0004.png
		HelltakerResoucre\chapterBG0005.png = HelltakerResoucre\chapterBG0005.png
		HelltakerResoucre\chapterBG0006.png = HelltakerResoucre\chapterBG0006.png
		HelltakerResoucre\chapterBG0007.png = HelltakerResoucre\chapterBG0007.png
		HelltakerResoucre\chapterBG0008.png = HelltakerResoucre\chapterBG0008.png
		HelltakerResoucre\chapterSketches_EXPORT_throne.png = HelltakerResoucre\chapterSketches_EXPORT_throne.png
		HelltakerResoucre\cutscene_0000_Layer-197-copy-2.png = HelltakerResoucre\cutscene_0000_Layer-197-copy-2.png
		HelltakerResoucre\cutscene_0001_Layer-198.png = HelltakerResoucre\cutscene_0001_Layer-198.png
		HelltakerResoucre\cutscene_0002_Group-2.png = HelltakerResoucre\cutscene_0002_Group-2.png
		HelltakerResoucre\cutscene_0003_Group-3-copy-2.png = HelltakerResoucre\cutscene_0003_Group-3-copy-2.png
		HelltakerResoucre\cutscene_0004_Layer-273-copy.png = HelltakerResoucre\cutscene_0004_Layer-273-copy.png
		HelltakerResoucre\cutscene_0005_Layer-196.png = HelltakerResoucre\cutscene_0005_Layer-196.png
		HelltakerResoucre\cutscene_0006_Group-6-copy-3.png = HelltakerResoucre\cutscene_0006_Group-6-copy-3.png
		HelltakerResoucre\cutscene_0007_Group-6-copy-6.png = HelltakerResoucre\cutscene_0007_Group-6-copy-6.png
		HelltakerResoucre\cutscene_0008_Group-5.png = HelltakerResoucre\cutscene_0008_Group-5.png
		HelltakerResoucre\death_P20001.png = HelltakerResoucre\death_P20001.png
		HelltakerResoucre\death_P20002.png = HelltakerResoucre\death_P20002.png
		HelltakerResoucre\death_P20003.png = HelltakerResoucre\death_P20003.png
		HelltakerResoucre\death_P20004.png = HelltakerResoucre\death_P20004.png
		HelltakerResoucre\death_P20005.png = HelltakerResoucre\death_P20005.png
		HelltakerResoucre\death_P20006.png = HelltakerResoucre\death_P20006.png
		HelltakerResoucre\death_P20007.png = HelltakerResoucre\death_P20007.png
		HelltakerResoucre\death_P20008.png = HelltakerResoucre\death_P20008.png
		HelltakerResoucre\death_P20009.png = HelltakerResoucre\death_P20009.png
		HelltakerResoucre\death_P20010.png = HelltakerResoucre\death_P20010.png
		HelltakerResoucre\death_P20011.png = HelltakerResoucre\death_P20011.png
		HelltakerResoucre\death_P20012.png = HelltakerResoucre\death_P20012.png
		HelltakerResoucre\death_P20013.png = HelltakerResoucre\death_P20013.png
		HelltakerResoucre\death_P20014.png = HelltakerResoucre\death_P20014.png
		HelltakerResoucre\death_P20015.png = HelltakerResoucre\death_P20015.png
		HelltakerResoucre\death_P20016.png = HelltakerResoucre\death_P20016.png
		HelltakerResoucre\death_P20017.png = HelltakerResoucre\death_P20017.png
		HelltakerResoucre\death_P20018.png = HelltakerResoucre\death_P20018.png
		HelltakerResoucre\dialBG_darkHell.png = HelltakerResoucre\dialBG_darkHell.png
		HelltakerResoucre\dialBG_litHell.png = HelltakerResoucre\dialBG_litHell.png
		HelltakerResoucre\dialogueBG_abyss.png = HelltakerResoucre\dialogueBG_abyss.png
		HelltakerResoucre\dialogueBG_abyss02.png = HelltakerResoucre\dialogueBG_abyss02.png
		HelltakerResoucre\dialogueBG_abyss02Grad.png = HelltakerResoucre\dialogueBG_abyss02Grad.png
		HelltakerResoucre\dialogueBG_hell.png = HelltakerResoucre\dialogueBG_hell.png
		HelltakerResoucre\dialogueBG_home.png = HelltakerResoucre\dialogueBG_home.png
		HelltakerResoucre\dialogueBG_sin.png = HelltakerResoucre\dialogueBG_sin.png
		HelltakerResoucre\dialogueBG_sinM2.png = HelltakerResoucre\dialogueBG_sinM2.png
		HelltakerResoucre\dialogueBG_throne2.png = HelltakerResoucre\dialogueBG_throne2.png
		HelltakerResoucre\dialogueDeathExport0001.png = HelltakerResoucre\dialogueDeathExport0001.png
		HelltakerResoucre\dialogueDeathExport0002.png = HelltakerResoucre\dialogueDeathExport0002.png
		HelltakerResoucre\dialogueDeathExport0003.png = HelltakerResoucre\dialogueDeathExport0003.png
		HelltakerResoucre\dialogueDeathExport0004.png = HelltakerResoucre\dialogueDeathExport0004.png
		HelltakerResoucre\dialogueDeathExport0005.png = HelltakerResoucre\dialogueDeathExport0005.png
		HelltakerResoucre\dialogueDeathExport0006.png = HelltakerResoucre\dialogueDeathExport0006.png
		HelltakerResoucre\dialogueDeathExport0007.png = HelltakerResoucre\dialogueDeathExport0007.png
		HelltakerResoucre\dialogueDeathExport0008.png = HelltakerResoucre\dialogueDeathExport0008.png
		HelltakerResoucre\dialogueDeathExport0009.png = HelltakerResoucre\dialogueDeathExport0009.png
		HelltakerResoucre\dlcBGV2_a.png = HelltakerResoucre\dlcBGV2_a.png
		HelltakerResoucre\dlcBGV2_b.png = HelltakerResoucre\dlcBGV2_b.png
		HelltakerResoucre\dlcCutscen0.png = HelltakerResoucre\dlcCutscen0.png
		HelltakerResoucre\dlcCutscen1.png = HelltakerResoucre\dlcCutscen1.png
		HelltakerResoucre\dlcCutscen2.png = HelltakerResoucre\dlcCutscen2.png
		HelltakerResoucre\explo_EXPORT0001.png = HelltakerResoucre\explo_EXPORT0001.png
		HelltakerResoucre\explo_EXPORT0002.png = HelltakerResoucre\explo_EXPORT0002.png
		HelltakerResoucre\explo_EXPORT0003.png = HelltakerResoucre\explo_EXPORT0003.png
		HelltakerResoucre\explo_EXPORT0004.png = HelltakerResoucre\explo_EXPORT0004.png
		HelltakerResoucre\explo_EXPORT0005.png = HelltakerResoucre\explo_EXPORT0005.png
		HelltakerResoucre\fire0001.png = HelltakerResoucre\fire0001.png
		HelltakerResoucre\fire0002.png = HelltakerResoucre\fire0002.png
		HelltakerResoucre\fire0003.png = HelltakerResoucre\fire0003.png
		HelltakerResoucre\fire0004.png = HelltakerResoucre\fire0004.png
		HelltakerResoucre\fire0005.png = HelltakerResoucre\fire0005.png
		HelltakerResoucre\fire0006.png = HelltakerResoucre\fire0006.png
		HelltakerResoucre\fire0007.png = HelltakerResoucre\fire0007.png
		HelltakerResoucre\fire0008.png = HelltakerResoucre\fire0008.png
		HelltakerResoucre\fire0009.png = HelltakerResoucre\fire0009.png
		HelltakerResoucre\fire0010.png = HelltakerResoucre\fire0010.png
		HelltakerResoucre\fire0011.png = HelltakerResoucre\fire0011.png
		HelltakerResoucre\fire0012.png = HelltakerResoucre\fire0012.png
		HelltakerResoucre\FLAMEbase0001.png = HelltakerResoucre\FLAMEbase0001.png
		HelltakerResoucre\FLAMEbase0002.png = HelltakerResoucre\FLAMEbase0002.png
		HelltakerResoucre\FLOOR.png = HelltakerResoucre\FLOOR.png
		HelltakerResoucre\front.png = HelltakerResoucre\front.png
		HelltakerResoucre\hellLetter_0000_Layer-2-copy.png = HelltakerResoucre\hellLetter_0000_Layer-2-copy.png
		HelltakerResoucre\hellLetter_0001_Layer-2-copy-2.png = HelltakerResoucre\hellLetter_0001_Layer-2-copy-2.png
		HelltakerResoucre\hellLetter_0002_Layer-2-copy-3.png = HelltakerResoucre\hellLetter_0002_Layer-2-copy-3.png
		HelltakerResoucre\hellLetter_0003_Layer-2-copy-4.png = HelltakerResoucre\hellLetter_0003_Layer-2-copy-4.png
		HelltakerResoucre\hellLetter_0004_Layer-2-copy-5.png = HelltakerResoucre\hellLetter_0004_Layer-2-copy-5.png
		HelltakerResoucre\hellLetter_0005_Layer-2-copy-6.png = HelltakerResoucre\hellLetter_0005_Layer-2-copy-6.png
		HelltakerResoucre\hellLetter_0006_Layer-2-copy-7.png = HelltakerResoucre\hellLetter_0006_Layer-2-copy-7.png
		HelltakerResoucre\hero0022.png = HelltakerResoucre\hero0022.png
		HelltakerResoucre\hero0023.png = HelltakerResoucre\hero0023.png
		HelltakerResoucre\hero0024.png = HelltakerResoucre\hero0024.png
		HelltakerResoucre\hero0025.png = HelltakerResoucre\hero0025.png
		HelltakerResoucre\hero0026.png = HelltakerResoucre\hero0026.png
		HelltakerResoucre\hero0027.png = HelltakerResoucre\hero0027.png
		HelltakerResoucre\hero0028.png = HelltakerResoucre\hero0028.png
		HelltakerResoucre\hero0029.png = HelltakerResoucre\hero0029.png
		HelltakerResoucre\hero0030.png = HelltakerResoucre\hero0030.png
		HelltakerResoucre\hero0031.png = HelltakerResoucre\hero0031.png
		HelltakerResoucre\hero0032.png = HelltakerResoucre\hero0032.png
		HelltakerResoucre\hero0033.png = HelltakerResoucre\hero0033.png
		HelltakerResoucre\hero0040.png = HelltakerResoucre\hero0040.png
		HelltakerResoucre\hero0041.png = HelltakerResoucre\hero0041.png
		HelltakerResoucre\hero0042.png = HelltakerResoucre\hero0042.png
		HelltakerResoucre\hero0043.png = HelltakerResoucre\hero0043.png
		HelltakerResoucre\hero0044.png = HelltakerResoucre\hero0044.png
		HelltakerResoucre\hero0045.png = HelltakerResoucre\hero0045.png
		HelltakerResoucre\hero0046.png = HelltakerResoucre\hero0046.png
		HelltakerResoucre\hero0047.png = HelltakerResoucre\hero0047.png
		HelltakerResoucre\hero0048.png = HelltakerResoucre\hero0048.png
		HelltakerResoucre\hero0049.png = HelltakerResoucre\hero0049.png
		HelltakerResoucre\hero0050.png = HelltakerResoucre\hero0050.png
		HelltakerResoucre\hero0051.png = HelltakerResoucre\hero0051.png
		HelltakerResoucre\hero0052.png = HelltakerResoucre\hero0052.png
		HelltakerResoucre\hero0059.png = HelltakerResoucre\hero0059.png
		HelltakerResoucre\hero0060.png = HelltakerResoucre\hero0060.png
		HelltakerResoucre\hero0061.png = HelltakerResoucre\hero0061.png
		HelltakerResoucre\hero0062.png = HelltakerResoucre\hero0062.png
		HelltakerResoucre\hero0063.png = HelltakerResoucre\hero0063.png
		HelltakerResoucre\hero0064.png = HelltakerResoucre\hero0064.png
		HelltakerResoucre\hero0065.png = HelltakerResoucre\hero0065.png
		HelltakerResoucre\hero0066.png = HelltakerResoucre\hero0066.png
		HelltakerResoucre\hero0067.png = HelltakerResoucre\hero0067.png
		HelltakerResoucre\hero0068.png = HelltakerResoucre\hero0068.png
		HelltakerResoucre\hero0069.png = HelltakerResoucre\hero0069.png
		HelltakerResoucre\hero0070.png = HelltakerResoucre\hero0070.png
		HelltakerResoucre\hero0071.png = HelltakerResoucre\hero0071.png
		HelltakerResoucre\hero0072.png = HelltakerResoucre\hero0072.png
		HelltakerResoucre\hero0073.png = HelltakerResoucre\hero0073.png
		HelltakerResoucre\hero0074.png = HelltakerResoucre\hero0074.png
		HelltakerResoucre\hero0075.png = HelltakerResoucre\hero0075.png
		HelltakerResoucre\hero0076.png = HelltakerResoucre\hero0076.png
		HelltakerResoucre\hero0077.png = HelltakerResoucre\hero0077.png
		HelltakerResoucre\heroapron0001.png = HelltakerResoucre\heroapron0001.png
		HelltakerResoucre\heroapron0002.png = HelltakerResoucre\heroapron0002.png
		HelltakerResoucre\heroapron0003.png = HelltakerResoucre\heroapron0003.png
		HelltakerResoucre\heroapron0004.png = HelltakerResoucre\heroapron0004.png
		HelltakerResoucre\heroapron0005.png = HelltakerResoucre\heroapron0005.png
		HelltakerResoucre\heroapron0006.png = HelltakerResoucre\heroapron0006.png
		HelltakerResoucre\heroapron0007.png = HelltakerResoucre\heroapron0007.png
		HelltakerResoucre\heroapron0008.png = HelltakerResoucre\heroapron0008.png
		HelltakerResoucre\heroapron0009.png = HelltakerResoucre\heroapron0009.png
		HelltakerResoucre\heroapron0010.png = HelltakerResoucre\heroapron0010.png
		HelltakerResoucre\heroapron0011.png = HelltakerResoucre\heroapron0011.png
		HelltakerResoucre\heroapron0012.png = HelltakerResoucre\heroapron0012.png
		HelltakerResoucre\heroapron0013.png = HelltakerResoucre\heroapron0013.png
		HelltakerResoucre\heroapron0014.png = HelltakerResoucre\heroapron0014.png
		HelltakerResoucre\heroapron0015.png = HelltakerResoucre\heroapron0015.png
		HelltakerResoucre\heroapron0016.png = HelltakerResoucre\heroapron0016.png
		HelltakerResoucre\heroapron0017.png = HelltakerResoucre\heroapron0017.png
		HelltakerResoucre\heroapron0018.png = HelltakerResoucre\heroapron0018.png
		HelltakerResoucre\hm_curious.png = HelltakerResoucre\hm_curious.png
		HelltakerResoucre\hm_data.png = HelltakerResoucre\hm_data.png
		HelltakerResoucre\hm_excite.png = HelltakerResoucre\hm_excite.png
		HelltakerResoucre\hm_gift.png = HelltakerResoucre\hm_gift.png
		HelltakerResoucre\hm_happy.png = HelltakerResoucre\hm_happy.png
		HelltakerResoucre\hm_intro.png = HelltakerResoucre\hm_intro.png
		HelltakerResoucre\hm_look1.png = HelltakerResoucre\hm_look1.png
		HelltakerResoucre\hm_look2.png = HelltakerResoucre\hm_look2.png
		HelltakerResoucre\hm_look3.png = HelltakerResoucre\hm_look3.png
		HelltakerResoucre\hm_mock.png = HelltakerResoucre\hm_mock.png
		HelltakerResoucre\hm_nerv.png = HelltakerResoucre\hm_nerv.png
		HelltakerResoucre\hm_p1.png = HelltakerResoucre\hm_p1.png
		HelltakerResoucre\hm_p2.png = HelltakerResoucre\hm_p2.png
		HelltakerResoucre\hm_p3.png = HelltakerResoucre\hm_p3.png
		HelltakerResoucre\hm_pie.png = HelltakerResoucre\hm_pie.png
		HelltakerResoucre\hm_success.png = HelltakerResoucre\hm_success.png
		HelltakerResoucre\hm_think1.png = HelltakerResoucre\hm_think1.png
		HelltakerResoucre\hm_think2.png = HelltakerResoucre\hm_think2.png
		HelltakerResoucre\Home07.png = HelltakerResoucre\Home07.png
		HelltakerResoucre\Home07B.png = HelltakerResoucre\Home07B.png
		HelltakerResoucre\huge_vfx0001.png = HelltakerResoucre\huge_vfx0001.png
		HelltakerResoucre\huge_vfx0002.png = HelltakerResoucre\huge_vfx0002.png
		HelltakerResoucre\huge_vfx0003.png = HelltakerResoucre\huge_vfx0003.png
		HelltakerResoucre\huge_vfx0004.png = HelltakerResoucre\huge_vfx0004.png
		HelltakerResoucre\huge_vfx0005.png = HelltakerResoucre\huge_vfx0005.png
		HelltakerResoucre\huge_vfx0006.png = HelltakerResoucre\huge_vfx0006.png
		HelltakerResoucre\huge_vfx0007.png = HelltakerResoucre\huge_vfx0007.png
		HelltakerResoucre\huge_vfx0008.png = HelltakerResoucre\huge_vfx0008.png
		HelltakerResoucre\huge_vfx0009.png = HelltakerResoucre\huge_vfx0009.png
		HelltakerResoucre\huge_vfx0010.png = HelltakerResoucre\huge_vfx0010.png
		HelltakerResoucre\huge_vfx0011.png = HelltakerResoucre\huge_vfx0011.png
		HelltakerResoucre\huge_vfx0012.png = HelltakerResoucre\huge_vfx0012.png
		HelltakerResoucre\huge_vfx0013.png = HelltakerResoucre\huge_vfx0013.png
		HelltakerResoucre\huge_vfx0014.png = HelltakerResoucre\huge_vfx0014.png
		HelltakerResoucre\huge_vfx0015.png = HelltakerResoucre\huge_vfx0015.png
		HelltakerResoucre\huge_vfx0016.png = HelltakerResoucre\huge_vfx0016.png
		HelltakerResoucre\huge_vfx0017.png = HelltakerResoucre\huge_vfx0017.png
		HelltakerResoucre\huge_vfx0018.png = HelltakerResoucre\huge_vfx0018.png
		HelltakerResoucre\huge_vfx0019.png = HelltakerResoucre\huge_vfx0019.png
		HelltakerResoucre\huge_vfx0020.png = HelltakerResoucre\huge_vfx0020.png
		HelltakerResoucre\huge_vfx0021.png = HelltakerResoucre\huge_vfx0021.png
		HelltakerResoucre\huge_vfx0022.png = HelltakerResoucre\huge_vfx0022.png
		HelltakerResoucre\huge_vfx0023.png = HelltakerResoucre\huge_vfx0023.png
		HelltakerResoucre\huge_vfx0024.png = HelltakerResoucre\huge_vfx0024.png
		HelltakerResoucre\huge_vfx0025.png = HelltakerResoucre\huge_vfx0025.png
		HelltakerResoucre\huge_vfx0026.png = HelltakerResoucre\huge_vfx0026.png
		HelltakerResoucre\huge_vfx0027.png = HelltakerResoucre\huge_vfx0027.png
		HelltakerResoucre\j_bindAnim (1).png = HelltakerResoucre\j_bindAnim (1).png
		HelltakerResoucre\j_bindAnim (1b).png = HelltakerResoucre\j_bindAnim (1b).png
		HelltakerResoucre\j_bindAnim (2).png = HelltakerResoucre\j_bindAnim (2).png
		HelltakerResoucre\j_bindAnim (3).png = HelltakerResoucre\j_bindAnim (3).png
		HelltakerResoucre\j_bindAnim (4).png = HelltakerResoucre\j_bindAnim (4).png
		HelltakerResoucre\j_bindAnim (5).png = HelltakerResoucre\j_bindAnim (5).png
		HelltakerResoucre\j_bindAnim (6).png = HelltakerResoucre\j_bindAnim (6).png
		HelltakerResoucre\j_bindAnim (7).png = HelltakerResoucre\j_bindAnim (7).png
		HelltakerResoucre\j_bindAnim (8).png = HelltakerResoucre\j_bindAnim (8).png
		HelltakerResoucre\j_bindAnim (9).png = HelltakerResoucre\j_bindAnim (9).png
		HelltakerResoucre\j_bindChainB.png = HelltakerResoucre\j_bindChainB.png
		HelltakerResoucre\j_bindChainF.png = HelltakerResoucre\j_bindChainF.png
		HelltakerResoucre\j_flyAnim (1).png = HelltakerResoucre\j_flyAnim (1).png
		HelltakerResoucre\j_flyAnim (2).png = HelltakerResoucre\j_flyAnim (2).png
		HelltakerResoucre\j_flyAnim (3).png = HelltakerResoucre\j_flyAnim (3).png
		HelltakerResoucre\j_flyAnim (4).png = HelltakerResoucre\j_flyAnim (4).png
		HelltakerResoucre\j_flyAnim (5).png = HelltakerResoucre\j_flyAnim (5).png
		HelltakerResoucre\j_glove (1).png = HelltakerResoucre\j_glove (1).png
		HelltakerResoucre\j_glove (2).png = HelltakerResoucre\j_glove (2).png
		HelltakerResoucre\j_glove (3).png = HelltakerResoucre\j_glove (3).png
		HelltakerResoucre\j_hugeChain.png = HelltakerResoucre\j_hugeChain.png
		HelltakerResoucre\J_introAnim1.png = HelltakerResoucre\J_introAnim1.png
		HelltakerResoucre\J_introAnim2.png = HelltakerResoucre\J_introAnim2.png
		HelltakerResoucre\J_introAnim3.png = HelltakerResoucre\J_introAnim3.png
		HelltakerResoucre\J_introAnim4.png = HelltakerResoucre\J_introAnim4.png
		HelltakerResoucre\j_laugh2.png = HelltakerResoucre\j_laugh2.png
		HelltakerResoucre\j_poseAnim (1).png = HelltakerResoucre\j_poseAnim (1).png
		HelltakerResoucre\j_poseAnim (3).png = HelltakerResoucre\j_poseAnim (3).png
		HelltakerResoucre\j_poseAnim (4).png = HelltakerResoucre\j_poseAnim (4).png
		HelltakerResoucre\ju_pie.png = HelltakerResoucre\ju_pie.png
		HelltakerResoucre\ju_shucks.png = HelltakerResoucre\ju_shucks.png
		HelltakerResoucre\judg_angry.png = HelltakerResoucre\judg_angry.png
		HelltakerResoucre\judg_back.png = HelltakerResoucre\judg_back.png
		HelltakerResoucre\judg_pc.png = HelltakerResoucre\judg_pc.png
		HelltakerResoucre\judg_resign.png = HelltakerResoucre\judg_resign.png
		HelltakerResoucre\judg_shock.png = HelltakerResoucre\judg_shock.png
		HelltakerResoucre\judgement_finalModel0001.png = HelltakerResoucre\judgement_finalModel0001.png
		HelltakerResoucre\judgement_finalModel0002.png = HelltakerResoucre\judgement_finalModel0002.png
		HelltakerResoucre\judgement_finalModel0003.png = HelltakerResoucre\judgement_finalModel0003.png
		HelltakerResoucre\judgement_finalModel0004.png = HelltakerResoucre\judgement_finalModel0004.png
		HelltakerResoucre\judgement_finalModel0005.png = HelltakerResoucre\judgement_finalModel0005.png
		HelltakerResoucre\judgement_finalModel0006.png = HelltakerResoucre\judgement_finalModel0006.png
		HelltakerResoucre\judgement_finalModel0007.png = HelltakerResoucre\judgement_finalModel0007.png
		HelltakerResoucre\judgement_finalModel0008.png = HelltakerResoucre\judgement_finalModel0008.png
		HelltakerResoucre\judgement_finalModel0009.png = HelltakerResoucre\judgement_finalModel0009.png
		HelltakerResoucre\judgement_finalModel0010.png = HelltakerResoucre\judgement_finalModel0010.png
		HelltakerResoucre\judgement_finalModel0011.png = HelltakerResoucre\judgement_finalModel0011.png
		HelltakerResoucre\judgement_finalModel0012.png = HelltakerResoucre\judgement_finalModel0012.png
		HelltakerResoucre\judgement_jump0001.png = HelltakerResoucre\judgement_jump0001.png
		HelltakerResoucre\judgement_jump0002.png = HelltakerResoucre\judgement_jump0002.png
		HelltakerResoucre\judgement_jump0003.png = HelltakerResoucre\judgement_jump0003.png
		HelltakerResoucre\judgement_jump0004.png = HelltakerResoucre\judgement_jump0004.png
		HelltakerResoucre\judgement_jump0005.png = HelltakerResoucre\judgement_jump0005.png
		HelltakerResoucre\judgement_jump0006.png = HelltakerResoucre\judgement_jump0006.png
		HelltakerResoucre\judgement_jump0007.png = HelltakerResoucre\judgement_jump0007.png
		HelltakerResoucre\judgement_jump0008.png = HelltakerResoucre\judgement_jump0008.png
		HelltakerResoucre\judgement_jump0009.png = HelltakerResoucre\judgement_jump0009.png
		HelltakerResoucre\jus_blind.png = HelltakerResoucre\jus_blind.png
		HelltakerResoucre\jus_curious.png = HelltakerResoucre\jus_curious.png
		HelltakerResoucre\jus_idle.png = HelltakerResoucre\jus_idle.png
		HelltakerResoucre\jus_pc.png = HelltakerResoucre\jus_pc.png
		HelltakerResoucre\justice_finalModel0001.png = HelltakerResoucre\justice_finalModel0001.png
		HelltakerResoucre\justice_finalModel0002.png = HelltakerResoucre\justice_finalModel0002.png
		HelltakerResoucre\justice_finalModel0003.png = HelltakerResoucre\justice_finalModel0003.png
		HelltakerResoucre\justice_finalModel0004.png = HelltakerResoucre\justice_finalModel0004.png
		HelltakerResoucre\justice_finalModel0005.png = HelltakerResoucre\justice_finalModel0005.png
		HelltakerResoucre\justice_finalModel0006.png = HelltakerResoucre\justice_finalModel0006.png
		HelltakerResoucre\justice_finalModel0007.png = HelltakerResoucre\justice_finalModel0007.png
		HelltakerResoucre\justice_finalModel0008.png = HelltakerResoucre\justice_finalModel0008.png
		HelltakerResoucre\justice_finalModel0009.png = HelltakerResoucre\justice_finalModel0009.png
		HelltakerResoucre\justice_finalModel0010.png = HelltakerResoucre\justice_finalModel0010.png
		HelltakerResoucre\justice_finalModel0011.png = HelltakerResoucre\justice_finalModel0011.png
		HelltakerResoucre\justice_finalModel0012.png = HelltakerResoucre\justice_finalModel0012.png
		HelltakerResoucre\labBotfrost.png = HelltakerResoucre\labBotfrost.png
		HelltakerResoucre\labBotfrost2.png = HelltakerResoucre\labBotfrost2.png
		HelltakerResoucre\labCogitators0001.png = HelltakerResoucre\labCogitators0001.png
		HelltakerResoucre\labCogitators0002.png = HelltakerResoucre\labCogitators0002.png
		HelltakerResoucre\labCogitators0003.png = HelltakerResoucre\labCogitators0003.png
		HelltakerResoucre\labCogitators0004.png = HelltakerResoucre\labCogitators0004.png
		HelltakerResoucre\labCogitators0005.png = HelltakerResoucre\labCogitators0005.png
		HelltakerResoucre\labCogitators0006.png = HelltakerResoucre\labCogitators0006.png
		HelltakerResoucre\labCogitators0007.png = HelltakerResoucre\labCogitators0007.png
		HelltakerResoucre\labCogitators0008.png = HelltakerResoucre\labCogitators0008.png
		HelltakerResoucre\labCogitators0009.png = HelltakerResoucre\labCogitators0009.png
		HelltakerResoucre\labCogitators0010.png = HelltakerResoucre\labCogitators0010.png
		HelltakerResoucre\labCogitators0011.png = HelltakerResoucre\labCogitators0011.png
		HelltakerResoucre\labCogitators0012.png = HelltakerResoucre\labCogitators0012.png
		HelltakerResoucre\labCrates20001.png = HelltakerResoucre\labCrates20001.png
		HelltakerResoucre\labCrates20006.png = HelltakerResoucre\labCrates20006.png
		HelltakerResoucre\labCrates20007.png = HelltakerResoucre\labCrates20007.png
		HelltakerResoucre\labFloor0001.png = HelltakerResoucre\labFloor0001.png
		HelltakerResoucre\labFloor0002.png = HelltakerResoucre\labFloor0002.png
		HelltakerResoucre\labFloor0003.png = HelltakerResoucre\labFloor0003.png
		HelltakerResoucre\labFloor0004.png = HelltakerResoucre\labFloor0004.png
		HelltakerResoucre\labFloor0005.png = HelltakerResoucre\labFloor0005.png
		HelltakerResoucre\labFloor0006.png = HelltakerResoucre\labFloor0006.png
		HelltakerResoucre\labFloor0007.png = HelltakerResoucre\labFloor0007.png
		HelltakerResoucre\labFloor0008.png = HelltakerResoucre\labFloor0008.png
		HelltakerResoucre\labGenerator0001.png = HelltakerResoucre\labGenerator0001.png
		HelltakerResoucre\labGenerator0002.png = HelltakerResoucre\labGenerator0002.png
		HelltakerResoucre\labGenerator0003.png = HelltakerResoucre\labGenerator0003.png
		HelltakerResoucre\labHolo10001.png = HelltakerResoucre\labHolo10001.png
		HelltakerResoucre\labHolo10002.png = HelltakerResoucre\labHolo10002.png
		HelltakerResoucre\labHolo10003.png = HelltakerResoucre\labHolo10003.png
		HelltakerResoucre\labHolo10004.png = HelltakerResoucre\labHolo10004.png
		HelltakerResoucre\labHolo20001.png = HelltakerResoucre\labHolo20001.png
		HelltakerResoucre\labHolo20002.png = HelltakerResoucre\labHolo20002.png
		HelltakerResoucre\labHolo20003.png = HelltakerResoucre\labHolo20003.png
		HelltakerResoucre\labHolo20004.png = HelltakerResoucre\labHolo20004.png
		HelltakerResoucre\labHolo3.png = HelltakerResoucre\labHolo3.png
		HelltakerResoucre\labLaser0001.png = HelltakerResoucre\labLaser0001.png
		HelltakerResoucre\labLaser0002.png = HelltakerResoucre\labLaser0002.png
		HelltakerResoucre\labLaser0003.png = HelltakerResoucre\labLaser0003.png
		HelltakerResoucre\labLaser0004.png = HelltakerResoucre\labLaser0004.png
		HelltakerResoucre\labLaser0005.png = HelltakerResoucre\labLaser0005.png
		HelltakerResoucre\labLaser0006.png = HelltakerResoucre\labLaser0006.png
		HelltakerResoucre\labMonitor.png = HelltakerResoucre\labMonitor.png
		HelltakerResoucre\labSidefrost0001.png = HelltakerResoucre\labSidefrost0001.png
		HelltakerResoucre\labSidefrost0002.png = HelltakerResoucre\labSidefrost0002.png
		HelltakerResoucre\labSidefrost0003.png = HelltakerResoucre\labSidefrost0003.png
		HelltakerResoucre\labSidefrost0004.png = HelltakerResoucre\labSidefrost0004.png
		HelltakerResoucre\labSidefrost0005.png = HelltakerResoucre\labSidefrost0005.png
		HelltakerResoucre\labSidefrost0006.png = HelltakerResoucre\labSidefrost0006.png
		HelltakerResoucre\labSidefrost0007.png = HelltakerResoucre\labSidefrost0007.png
		HelltakerResoucre\labSidewall0002.png = HelltakerResoucre\labSidewall0002.png
		HelltakerResoucre\labSparks0001.png = HelltakerResoucre\labSparks0001.png
		HelltakerResoucre\labSparks0002.png = HelltakerResoucre\labSparks0002.png
		HelltakerResoucre\labSparks0003.png = HelltakerResoucre\labSparks0003.png
		HelltakerResoucre\labSparks0004.png = HelltakerResoucre\labSparks0004.png
		HelltakerResoucre\labSparks0005.png = HelltakerResoucre\labSparks0005.png
		HelltakerResoucre\labSparks0006.png = HelltakerResoucre\labSparks0006.png
		HelltakerResoucre\labSparks0007.png = HelltakerResoucre\labSparks0007.png
		HelltakerResoucre\labSparks0008.png = HelltakerResoucre\labSparks0008.png
		HelltakerResoucre\labWall.png = HelltakerResoucre\labWall.png
		HelltakerResoucre\LH_angry.png = HelltakerResoucre\LH_angry.png
		HelltakerResoucre\LH_face (1).png = HelltakerResoucre\LH_face (1).png
		HelltakerResoucre\LH_face (2).png = HelltakerResoucre\LH_face (2).png
		HelltakerResoucre\LH_face (3).png = HelltakerResoucre\LH_face (3).png
		HelltakerResoucre\LH_face (4).png = HelltakerResoucre\LH_face (4).png
		HelltakerResoucre\LH_happy.png = HelltakerResoucre\LH_happy.png
		HelltakerResoucre\LH_idle.png = HelltakerResoucre\LH_idle.png
		HelltakerResoucre\LH_rustled.png = HelltakerResoucre\LH_rustled.png
		HelltakerResoucre\LH_swirl (1).png = HelltakerResoucre\LH_swirl (1).png
		HelltakerResoucre\LH_swirl (2).png = HelltakerResoucre\LH_swirl (2).png
		HelltakerResoucre\LH_swirl (3).png = HelltakerResoucre\LH_swirl (3).png
		HelltakerResoucre\LH_swirl (4).png = HelltakerResoucre\LH_swirl (4).png
		HelltakerResoucre\LH_swirl (5).png = HelltakerResoucre\LH_swirl (5).png
		HelltakerResoucre\lilSpark.png = HelltakerResoucre\lilSpark.png
		HelltakerResoucre\lovePlosion0001.png = HelltakerResoucre\lovePlosion0001.png
		HelltakerResoucre\lovePlosion0002.png = HelltakerResoucre\lovePlosion0002.png
		HelltakerResoucre\lovePlosion0003.png = HelltakerResoucre\lovePlosion0003.png
		HelltakerResoucre\lovePlosion0004.png = HelltakerResoucre\lovePlosion0004.png
		HelltakerResoucre\lovePlosion0005.png = HelltakerResoucre\lovePlosion0005.png
		HelltakerResoucre\lovePlosion0006.png = HelltakerResoucre\lovePlosion0006.png
		HelltakerResoucre\lovePlosion0007.png = HelltakerResoucre\lovePlosion0007.png
		HelltakerResoucre\lovePlosion0008.png = HelltakerResoucre\lovePlosion0008.png
		HelltakerResoucre\lovePlosion0009.png = HelltakerResoucre\lovePlosion0009.png
		HelltakerResoucre\lovePlosion0010.png = HelltakerResoucre\lovePlosion0010.png
		HelltakerResoucre\lovePlosion0011.png = HelltakerResoucre\lovePlosion0011.png
		HelltakerResoucre\lovePlosion0012.png = HelltakerResoucre\lovePlosion0012.png
		HelltakerResoucre\lovePlosion0013.png = HelltakerResoucre\lovePlosion0013.png
		HelltakerResoucre\lovePlosion0014.png = HelltakerResoucre\lovePlosion0014.png
		HelltakerResoucre\lovePlosion0015.png = HelltakerResoucre\lovePlosion0015.png
		HelltakerResoucre\lovesign.png = HelltakerResoucre\lovesign.png
		HelltakerResoucre\lucy_eat.png = HelltakerResoucre\lucy_eat.png
		HelltakerResoucre\lucy_emb.png = HelltakerResoucre\lucy_emb.png
		HelltakerResoucre\lucy_finalModel0001.png = HelltakerResoucre\lucy_finalModel0001.png
		HelltakerResoucre\lucy_finalModel0002.png = HelltakerResoucre\lucy_finalModel0002.png
		HelltakerResoucre\lucy_finalModel0003.png = HelltakerResoucre\lucy_finalModel0003.png
		HelltakerResoucre\lucy_finalModel0004.png = HelltakerResoucre\lucy_finalModel0004.png
		HelltakerResoucre\lucy_finalModel0005.png = HelltakerResoucre\lucy_finalModel0005.png
		HelltakerResoucre\lucy_finalModel0006.png = HelltakerResoucre\lucy_finalModel0006.png
		HelltakerResoucre\lucy_finalModel0007.png = HelltakerResoucre\lucy_finalModel0007.png
		HelltakerResoucre\lucy_finalModel0008.png = HelltakerResoucre\lucy_finalModel0008.png
		HelltakerResoucre\lucy_finalModel0009.png = HelltakerResoucre\lucy_finalModel0009.png
		HelltakerResoucre\lucy_finalModel0010.png = HelltakerResoucre\lucy_finalModel0010.png
		HelltakerResoucre\lucy_finalModel0011.png = HelltakerResoucre\lucy_finalModel0011.png
		HelltakerResoucre\lucy_finalModel0012.png = HelltakerResoucre\lucy_finalModel0012.png
		HelltakerResoucre\lucy_pie.png = HelltakerResoucre\lucy_pie.png
		HelltakerResoucre\lucy_sly.png = HelltakerResoucre\lucy_sly.png
		HelltakerResoucre\lucy_smug.png = HelltakerResoucre\lucy_smug.png
		HelltakerResoucre\lucy_stand1.png = HelltakerResoucre\lucy_stand1.png
		HelltakerResoucre\lucy_stand2.png = HelltakerResoucre\lucy_stand2.png
		HelltakerResoucre\lucyH_finalModel0001.png = HelltakerResoucre\lucyH_finalModel0001.png
		HelltakerResoucre\lucyH_finalModel0002.png = HelltakerResoucre\lucyH_finalModel0002.png
		HelltakerResoucre\lucyH_finalModel0003.png = HelltakerResoucre\lucyH_finalModel0003.png
		HelltakerResoucre\lucyH_finalModel0004.png = HelltakerResoucre\lucyH_finalModel0004.png
		HelltakerResoucre\lucyH_finalModel0005.png = HelltakerResoucre\lucyH_finalModel0005.png
		HelltakerResoucre\lucyH_finalModel0006.png = HelltakerResoucre\lucyH_finalModel0006.png
		HelltakerResoucre\lucyH_finalModel0007.png = HelltakerResoucre\lucyH_finalModel0007.png
		HelltakerResoucre\lucyH_finalModel0008.png = HelltakerResoucre\lucyH_finalModel0008.png
		HelltakerResoucre\lucyH_finalModel0009.png = HelltakerResoucre\lucyH_finalModel0009.png
		HelltakerResoucre\lucyH_finalModel0010.png = HelltakerResoucre\lucyH_finalModel0010.png
		HelltakerResoucre\lucyH_finalModel0011.png = HelltakerResoucre\lucyH_finalModel0011.png
		HelltakerResoucre\lucyH_finalModel0012.png = HelltakerResoucre\lucyH_finalModel0012.png
		HelltakerResoucre\LW_pc.png = HelltakerResoucre\LW_pc.png
		HelltakerResoucre\LW_talk.png = HelltakerResoucre\LW_talk.png
		HelltakerResoucre\LW_unsure.png = HelltakerResoucre\LW_unsure.png
		HelltakerResoucre\LW_yum.png = HelltakerResoucre\LW_yum.png
		HelltakerResoucre\mainUIexport_bUI2.png = HelltakerResoucre\mainUIexport_bUI2.png
		HelltakerResoucre\mainUIexport_fUI0001.png = HelltakerResoucre\mainUIexport_fUI0001.png
		HelltakerResoucre\mainUIexport_oUI_idle0001.png = HelltakerResoucre\mainUIexport_oUI_idle0001.png
		HelltakerResoucre\mainUIexport_oUI_idle0002.png = HelltakerResoucre\mainUIexport_oUI_idle0002.png
		HelltakerResoucre\mainUIexport_oUI_idle0003.png = HelltakerResoucre\mainUIexport_oUI_idle0003.png
		HelltakerResoucre\mainUIexport_oUI_idle0004.png = HelltakerResoucre\mainUIexport_oUI_idle0004.png
		HelltakerResoucre\mainUIexport_oUI_idle0005.png = HelltakerResoucre\mainUIexport_oUI_idle0005.png
		HelltakerResoucre\mainUIexport_oUI_idle0006.png = HelltakerResoucre\mainUIexport_oUI_idle0006.png
		HelltakerResoucre\mainUIexport_oUI_idle0007.png = HelltakerResoucre\mainUIexport_oUI_idle0007.png
		HelltakerResoucre\mainUIexport_oUI_idle0008.png = HelltakerResoucre\mainUIexport_oUI_idle0008.png
		HelltakerResoucre\mainUIexport_oUI_start0001.png = HelltakerResoucre\mainUIexport_oUI_start0001.png
		HelltakerResoucre\mainUIexport_oUI_start0002.png = HelltakerResoucre\mainUIexport_oUI_start0002.png
		HelltakerResoucre\mainUIexport_oUI_start0003.png = HelltakerResoucre\mainUIexport_oUI_start0003.png
		HelltakerResoucre\mainUIexport_oUI_start0004.png = HelltakerResoucre\mainUIexport_oUI_start0004.png
		HelltakerResoucre\mainUIexport_oUI_start0005.png = HelltakerResoucre\mainUIexport_oUI_start0005.png
		HelltakerResoucre\mainUIexport_oUI_start0006.png = HelltakerResoucre\mainUIexport_oUI_start0006.png
		HelltakerResoucre\mainUIexport_oUI_start0007.png = HelltakerResoucre\mainUIexport_oUI_start0007.png
		HelltakerResoucre\mainUIexport_oUI_start0008.png = HelltakerResoucre\mainUIexport_oUI_start0008.png
		HelltakerResoucre\mainUIexport_oUI_start0009.png = HelltakerResoucre\mainUIexport_oUI_start0009.png
		HelltakerResoucre\mainUIexport_oUI_start0010.png = HelltakerResoucre\mainUIexport_oUI_start0010.png
		HelltakerResoucre\mainUIexport_oUI_start0011.png = HelltakerResoucre\mainUIexport_oUI_start0011.png
		HelltakerResoucre\mainUIexport_oUI_start0012.png = HelltakerResoucre\mainUIexport_oUI_start0012.png
		HelltakerResoucre\mainUIexport_oUI_start0013.png = HelltakerResoucre\mainUIexport_oUI_start0013.png
		HelltakerResoucre\mainUIexport_oUI_start0014.png = HelltakerResoucre\mainUIexport_oUI_start0014.png
		HelltakerResoucre\mainUIexport_oUI_start0015.png = HelltakerResoucre\mainUIexport_oUI_start0015.png
		HelltakerResoucre\mainUIexport_oUI_start0016.png = HelltakerResoucre\mainUIexport_oUI_start0016.png
		HelltakerResoucre\mal_bottle.png = HelltakerResoucre\mal_bottle.png
		HelltakerResoucre\mal_idle.png = HelltakerResoucre\mal_idle.png
		HelltakerResoucre\mal_phone.png = HelltakerResoucre\mal_phone.png
		HelltakerResoucre\mal_prebottle.png = HelltakerResoucre\mal_prebottle.png
		HelltakerResoucre\mal_puzzled.png = HelltakerResoucre\mal_puzzled.png
		HelltakerResoucre\malina_finalModel0001.png = HelltakerResoucre\malina_finalModel0001.png
		HelltakerResoucre\malina_finalModel0002.png = HelltakerResoucre\malina_finalModel0002.png
		HelltakerResoucre\malina_finalModel0003.png = HelltakerResoucre\malina_finalModel0003.png
		HelltakerResoucre\malina_finalModel0004.png = HelltakerResoucre\malina_finalModel0004.png
		HelltakerResoucre\malina_finalModel0005.png = HelltakerResoucre\malina_finalModel0005.png
		HelltakerResoucre\malina_finalModel0006.png = HelltakerResoucre\malina_finalModel0006.png
		HelltakerResoucre\malina_finalModel0007.png = HelltakerResoucre\malina_finalModel0007.png
		HelltakerResoucre\malina_finalModel0008.png = HelltakerResoucre\malina_finalModel0008.png
		HelltakerResoucre\malina_finalModel0009.png = HelltakerResoucre\malina_finalModel0009.png
		HelltakerResoucre\malina_finalModel0010.png = HelltakerResoucre\malina_finalModel0010.png
		HelltakerResoucre\malina_finalModel0011.png = HelltakerResoucre\malina_finalModel0011.png
		HelltakerResoucre\malina_finalModel0012.png = HelltakerResoucre\malina_finalModel0012.png
		HelltakerResoucre\man_pc.png = HelltakerResoucre\man_pc.png
		HelltakerResoucre\man_pc2.png = HelltakerResoucre\man_pc2.png
		HelltakerResoucre\man_skele.png = HelltakerResoucre\man_skele.png
		HelltakerResoucre\mod_book.png = HelltakerResoucre\mod_book.png
		HelltakerResoucre\mod_close.png = HelltakerResoucre\mod_close.png
		HelltakerResoucre\mod_idle.png = HelltakerResoucre\mod_idle.png
		HelltakerResoucre\mod_shy.png = HelltakerResoucre\mod_shy.png
		HelltakerResoucre\modeus_finalModel0001.png = HelltakerResoucre\modeus_finalModel0001.png
		HelltakerResoucre\modeus_finalModel0002.png = HelltakerResoucre\modeus_finalModel0002.png
		HelltakerResoucre\modeus_finalModel0003.png = HelltakerResoucre\modeus_finalModel0003.png
		HelltakerResoucre\modeus_finalModel0004.png = HelltakerResoucre\modeus_finalModel0004.png
		HelltakerResoucre\modeus_finalModel0005.png = HelltakerResoucre\modeus_finalModel0005.png
		HelltakerResoucre\modeus_finalModel0006.png = HelltakerResoucre\modeus_finalModel0006.png
		HelltakerResoucre\modeus_finalModel0007.png = HelltakerResoucre\modeus_finalModel0007.png
		HelltakerResoucre\modeus_finalModel0008.png = HelltakerResoucre\modeus_finalModel0008.png
		HelltakerResoucre\modeus_finalModel0009.png = HelltakerResoucre\modeus_finalModel0009.png
		HelltakerResoucre\modeus_finalModel0010.png = HelltakerResoucre\modeus_finalModel0010.png
		HelltakerResoucre\modeus_finalModel0011.png = HelltakerResoucre\modeus_finalModel0011.png
		HelltakerResoucre\modeus_finalModel0012.png = HelltakerResoucre\modeus_finalModel0012.png
		HelltakerResoucre\newHolo0002.png = HelltakerResoucre\newHolo0002.png
		HelltakerResoucre\newHolo0003.png = HelltakerResoucre\newHolo0003.png
		HelltakerResoucre\newHolo0004.png = HelltakerResoucre\newHolo0004.png
		HelltakerResoucre\newHolo0005.png = HelltakerResoucre\newHolo0005.png
		HelltakerResoucre\newHolo0006.png = HelltakerResoucre\newHolo0006.png
		HelltakerResoucre\newHolo0007.png = HelltakerResoucre\newHolo0007.png
		HelltakerResoucre\newHolo0008.png = HelltakerResoucre\newHolo0008.png
		HelltakerResoucre\newHolo0009.png = HelltakerResoucre\newHolo0009.png
		HelltakerResoucre\newHolo0010.png = HelltakerResoucre\newHolo0010.png
		HelltakerResoucre\nullTransit.png = HelltakerResoucre\nullTransit.png
		HelltakerResoucre\pand_cup.png = HelltakerResoucre\pand_cup.png
		HelltakerResoucre\pand_drink.png = HelltakerResoucre\pand_drink.png
		HelltakerResoucre\pand_flust.png = HelltakerResoucre\pand_flust.png
		HelltakerResoucre\pand_idle.png = HelltakerResoucre\pand_idle.png
		HelltakerResoucre\pandemonica_finalModel0001.png = HelltakerResoucre\pandemonica_finalModel0001.png
		HelltakerResoucre\pandemonica_finalModel0002.png = HelltakerResoucre\pandemonica_finalModel0002.png
		HelltakerResoucre\pandemonica_finalModel0003.png = HelltakerResoucre\pandemonica_finalModel0003.png
		HelltakerResoucre\pandemonica_finalModel0004.png = HelltakerResoucre\pandemonica_finalModel0004.png
		HelltakerResoucre\pandemonica_finalModel0005.png = HelltakerResoucre\pandemonica_finalModel0005.png
		HelltakerResoucre\pandemonica_finalModel0006.png = HelltakerResoucre\pandemonica_finalModel0006.png
		HelltakerResoucre\pandemonica_finalModel0007.png = HelltakerResoucre\pandemonica_finalModel0007.png
		HelltakerResoucre\pandemonica_finalModel0008.png = HelltakerResoucre\pandemonica_finalModel0008.png
		HelltakerResoucre\pandemonica_finalModel0009.png = HelltakerResoucre\pandemonica_finalModel0009.png
		HelltakerResoucre\pandemonica_finalModel0010.png = HelltakerResoucre\pandemonica_finalModel0010.png
		HelltakerResoucre\pandemonica_finalModel0011.png = HelltakerResoucre\pandemonica_finalModel0011.png
		HelltakerResoucre\pandemonica_finalModel0012.png = HelltakerResoucre\pandemonica_finalModel0012.png
		HelltakerResoucre\pandS_cup.png = HelltakerResoucre\pandS_cup.png
		HelltakerResoucre\pandS_drink.png = HelltakerResoucre\pandS_drink.png
		HelltakerResoucre\pandS_idle.png = HelltakerResoucre\pandS_idle.png
		HelltakerResoucre\particle0001.png = HelltakerResoucre\particle0001.png
		HelltakerResoucre\particle0002.png = HelltakerResoucre\particle0002.png
		HelltakerResoucre\particle0003.png = HelltakerResoucre\particle0003.png
		HelltakerResoucre\particle0004.png = HelltakerResoucre\particle0004.png
		HelltakerResoucre\particle0006.png = HelltakerResoucre\particle0006.png
		HelltakerResoucre\particle0007.png = HelltakerResoucre\particle0007.png
		HelltakerResoucre\particle0008.png = HelltakerResoucre\particle0008.png
		HelltakerResoucre\particle0009.png = HelltakerResoucre\particle0009.png
		HelltakerResoucre\particle0010.png = HelltakerResoucre\particle0010.png
		HelltakerResoucre\particle0011.png = HelltakerResoucre\particle0011.png
		HelltakerResoucre\particle0012.png = HelltakerResoucre\particle0012.png
		HelltakerResoucre\penta.png = HelltakerResoucre\penta.png
		HelltakerResoucre\penta1.png = HelltakerResoucre\penta1.png
		HelltakerResoucre\penta2.png = HelltakerResoucre\penta2.png
		HelltakerResoucre\penta3.png = HelltakerResoucre\penta3.png
		HelltakerResoucre\pentaGraphic 1.png = HelltakerResoucre\pentaGraphic 1.png
		HelltakerResoucre\police_1.png = HelltakerResoucre\police_1.png
		HelltakerResoucre\police_2.png = HelltakerResoucre\police_2.png
		HelltakerResoucre\policeCar.png = HelltakerResoucre\policeCar.png
		HelltakerResoucre\pomp_EXPORT0001.png = HelltakerResoucre\pomp_EXPORT0001.png
		HelltakerResoucre\pomp_EXPORT0002.png = HelltakerResoucre\pomp_EXPORT0002.png
		HelltakerResoucre\pomp_EXPORT0003.png = HelltakerResoucre\pomp_EXPORT0003.png
		HelltakerResoucre\pomp_EXPORT0004.png = HelltakerResoucre\pomp_EXPORT0004.png
		HelltakerResoucre\pomp_EXPORT0005.png = HelltakerResoucre\pomp_EXPORT0005.png
		HelltakerResoucre\pomp_EXPORT0006.png = HelltakerResoucre\pomp_EXPORT0006.png
		HelltakerResoucre\pomp_EXPORT0007.png = HelltakerResoucre\pomp_EXPORT0007.png
		HelltakerResoucre\PORTAL0001.png = HelltakerResoucre\PORTAL0001.png
		HelltakerResoucre\PORTAL0002.png = HelltakerResoucre\PORTAL0002.png
		HelltakerResoucre\PORTAL0003.png = HelltakerResoucre\PORTAL0003.png
		HelltakerResoucre\PORTAL0004.png = HelltakerResoucre\PORTAL0004.png
		HelltakerResoucre\PORTAL0005.png = HelltakerResoucre\PORTAL0005.png
		HelltakerResoucre\PORTAL0006.png = HelltakerResoucre\PORTAL0006.png
		HelltakerResoucre\PORTAL0007.png = HelltakerResoucre\PORTAL0007.png
		HelltakerResoucre\PORTAL0008.png = HelltakerResoucre\PORTAL0008.png
		HelltakerResoucre\PORTAL0009.png = HelltakerResoucre\PORTAL0009.png
		HelltakerResoucre\PORTAL0010.png = HelltakerResoucre\PORTAL0010.png
		HelltakerResoucre\PORTAL0011.png = HelltakerResoucre\PORTAL0011.png
		HelltakerResoucre\PORTAL0012.png = HelltakerResoucre\PORTAL0012.png
		HelltakerResoucre\projectile.png = HelltakerResoucre\projectile.png
		HelltakerResoucre\puzzle.png = HelltakerResoucre\puzzle.png
		HelltakerResoucre\ritBorder.png = HelltakerResoucre\ritBorder.png
		HelltakerResoucre\ritCode0001.png = HelltakerResoucre\ritCode0001.png
		HelltakerResoucre\ritCode0002.png = HelltakerResoucre\ritCode0002.png
		HelltakerResoucre\ritCode0003.png = HelltakerResoucre\ritCode0003.png
		HelltakerResoucre\ritCode0004.png = HelltakerResoucre\ritCode0004.png
		HelltakerResoucre\ritStar.png = HelltakerResoucre\ritStar.png
		HelltakerResoucre\screen.png = HelltakerResoucre\screen.png
		HelltakerResoucre\sector0001.png = HelltakerResoucre\sector0001.png
		HelltakerResoucre\sector0002.png = HelltakerResoucre\sector0002.png
		HelltakerResoucre\sector0003.png = HelltakerResoucre\sector0003.png
		HelltakerResoucre\sector0004.png = HelltakerResoucre\sector0004.png
		HelltakerResoucre\sector0005.png = HelltakerResoucre\sector0005.png
		HelltakerResoucre\sector0006.png = HelltakerResoucre\sector0006.png
		HelltakerResoucre\shieldfield_dlc.png = HelltakerResoucre\shieldfield_dlc.png
		HelltakerResoucre\sinArm.png = HelltakerResoucre\sinArm.png
		HelltakerResoucre\sinCore.png = HelltakerResoucre\sinCore.png
		HelltakerResoucre\sinEye.png = HelltakerResoucre\sinEye.png
		HelltakerResoucre\sinGears0001.png = HelltakerResoucre\sinGears0001.png
		HelltakerResoucre\sinGears0002.png = HelltakerResoucre\sinGears0002.png
		HelltakerResoucre\sinGears0003.png = HelltakerResoucre\sinGears0003.png
		HelltakerResoucre\sinGears0004.png = HelltakerResoucre\sinGears0004.png
		HelltakerResoucre\sinGears0005.png = HelltakerResoucre\sinGears0005.png
		HelltakerResoucre\sinGears0006.png = HelltakerResoucre\sinGears0006.png
		HelltakerResoucre\sinGears0007.png = HelltakerResoucre\sinGears0007.png
		HelltakerResoucre\sinGears0008.png = HelltakerResoucre\sinGears0008.png
		HelltakerResoucre\sinGears0009.png = HelltakerResoucre\sinGears0009.png
		HelltakerResoucre\sinGears0010.png = HelltakerResoucre\sinGears0010.png
		HelltakerResoucre\sinGears0011.png = HelltakerResoucre\sinGears0011.png
		HelltakerResoucre\sinGears0012.png = HelltakerResoucre\sinGears0012.png
		HelltakerResoucre\sinGears0013.png = HelltakerResoucre\sinGears0013.png
		HelltakerResoucre\sinGears0014.png = HelltakerResoucre\sinGears0014.png
		HelltakerResoucre\sinGears0015.png = HelltakerResoucre\sinGears0015.png
		HelltakerResoucre\sinMaw.png = HelltakerResoucre\sinMaw.png
		HelltakerResoucre\sinMist.png = HelltakerResoucre\sinMist.png
		HelltakerResoucre\sinPanel.png = HelltakerResoucre\sinPanel.png
		HelltakerResoucre\sinPiston0001.png = HelltakerResoucre\sinPiston0001.png
		HelltakerResoucre\sinPiston0002.png = HelltakerResoucre\sinPiston0002.png
		HelltakerResoucre\sinPiston0003.png = HelltakerResoucre\sinPiston0003.png
		HelltakerResoucre\sinPiston0004.png = HelltakerResoucre\sinPiston0004.png
		HelltakerResoucre\sinPiston0005.png = HelltakerResoucre\sinPiston0005.png
		HelltakerResoucre\sinPiston0006.png = HelltakerResoucre\sinPiston0006.png
		HelltakerResoucre\sinPiston0007.png = HelltakerResoucre\sinPiston0007.png
		HelltakerResoucre\sinPiston0008.png = HelltakerResoucre\sinPiston0008.png
		HelltakerResoucre\sinPiston0009.png = HelltakerResoucre\sinPiston0009.png
		HelltakerResoucre\sinPiston0010.png = HelltakerResoucre\sinPiston0010.png
		HelltakerResoucre\sinPiston0011.png = HelltakerResoucre\sinPiston0011.png
		HelltakerResoucre\sinPiston0012.png = HelltakerResoucre\sinPiston0012.png
		HelltakerResoucre\sinPit.png = HelltakerResoucre\sinPit.png
		HelltakerResoucre\sinPyre0001.png = HelltakerResoucre\sinPyre0001.png
		HelltakerResoucre\sinPyre0002.png = HelltakerResoucre\sinPyre0002.png
		HelltakerResoucre\sinShield.png = HelltakerResoucre\sinShield.png
		HelltakerResoucre\sinShieldTop.png = HelltakerResoucre\sinShieldTop.png
		HelltakerResoucre\sinSkull0001.png = HelltakerResoucre\sinSkull0001.png
		HelltakerResoucre\sinSkull0002.png = HelltakerResoucre\sinSkull0002.png
		HelltakerResoucre\sinWheel.png = HelltakerResoucre\sinWheel.png
		HelltakerResoucre\skullwall_dlc.png = HelltakerResoucre\skullwall_dlc.png
		HelltakerResoucre\small_vfx0001.png = HelltakerResoucre\small_vfx0001.png
		HelltakerResoucre\small_vfx0002.png = HelltakerResoucre\small_vfx0002.png
		HelltakerResoucre\small_vfx0003.png = HelltakerResoucre\small_vfx0003.png
		HelltakerResoucre\small_vfx0004.png = HelltakerResoucre\small_vfx0004.png
		HelltakerResoucre\small_vfx0005.png = HelltakerResoucre\small_vfx0005.png
		HelltakerResoucre\small_vfx0006.png = HelltakerResoucre\small_vfx0006.png
		HelltakerResoucre\small_vfx0007.png = HelltakerResoucre\small_vfx0007.png
		HelltakerResoucre\small_vfx0008.png = HelltakerResoucre\small_vfx0008.png
		HelltakerResoucre\small_vfx0009.png = HelltakerResoucre\small_vfx0009.png
		HelltakerResoucre\small_vfx0010.png = HelltakerResoucre\small_vfx0010.png
		HelltakerResoucre\small_vfx0011.png = HelltakerResoucre\small_vfx0011.png
		HelltakerResoucre\small_vfx0012.png = HelltakerResoucre\small_vfx0012.png
		HelltakerResoucre\small_vfx0013.png = HelltakerResoucre\small_vfx0013.png
		HelltakerResoucre\small_vfx0014.png = HelltakerResoucre\small_vfx0014.png
		HelltakerResoucre\small_vfx0015.png = HelltakerResoucre\small_vfx0015.png
		HelltakerResoucre\small_vfx0016.png = HelltakerResoucre\small_vfx0016.png
		HelltakerResoucre\small_vfx0017.png = HelltakerResoucre\small_vfx0017.png
		HelltakerResoucre\spark0001.png = HelltakerResoucre\spark0001.png
		HelltakerResoucre\spark0002.png = HelltakerResoucre\spark0002.png
		HelltakerResoucre\spark0003.png = HelltakerResoucre\spark0003.png
		HelltakerResoucre\spark0004.png = HelltakerResoucre\spark0004.png
		HelltakerResoucre\spark0005.png = HelltakerResoucre\spark0005.png
		HelltakerResoucre\spark0006.png = HelltakerResoucre\spark0006.png
		HelltakerResoucre\spark0007.png = HelltakerResoucre\spark0007.png
		HelltakerResoucre\spark0008.png = HelltakerResoucre\spark0008.png
		HelltakerResoucre\spark0009.png = HelltakerResoucre\spark0009.png
		HelltakerResoucre\sparks_EXPORT0001.png = HelltakerResoucre\sparks_EXPORT0001.png
		HelltakerResoucre\sparks_EXPORT0002.png = HelltakerResoucre\sparks_EXPORT0002.png
		HelltakerResoucre\sparks_EXPORT0003.png = HelltakerResoucre\sparks_EXPORT0003.png
		HelltakerResoucre\sparks_EXPORT0004.png = HelltakerResoucre\sparks_EXPORT0004.png
		HelltakerResoucre\sparks_EXPORT0005.png = HelltakerResoucre\sparks_EXPORT0005.png
		HelltakerResoucre\sparks_EXPORT0006.png = HelltakerResoucre\sparks_EXPORT0006.png
		HelltakerResoucre\sparks_EXPORT0007.png = HelltakerResoucre\sparks_EXPORT0007.png
		HelltakerResoucre\sparks_EXPORT0008.png = HelltakerResoucre\sparks_EXPORT0008.png
		HelltakerResoucre\sparks_EXPORT0009.png = HelltakerResoucre\sparks_EXPORT0009.png
		HelltakerResoucre\sparks_EXPORT0010.png = HelltakerResoucre\sparks_EXPORT0010.png
		HelltakerResoucre\sparks_EXPORT0011.png = HelltakerResoucre\sparks_EXPORT0011.png
		HelltakerResoucre\sparks_EXPORT0012.png = HelltakerResoucre\sparks_EXPORT0012.png
		HelltakerResoucre\sparks_EXPORT0013.png = HelltakerResoucre\sparks_EXPORT0013.png
		HelltakerResoucre\sparks_EXPORT0014.png = HelltakerResoucre\sparks_EXPORT0014.png
		HelltakerResoucre\sparks_EXPORT0015.png = HelltakerResoucre\sparks_EXPORT0015.png
		HelltakerResoucre\sparks_EXPORTalt.png = HelltakerResoucre\sparks_EXPORTalt.png
		HelltakerResoucre\su67_a.png = HelltakerResoucre\su67_a.png
		HelltakerResoucre\su67_suit.png = HelltakerResoucre\su67_suit.png
		HelltakerResoucre\sub670001.png = HelltakerResoucre\sub670001.png
		HelltakerResoucre\sub670002.png = HelltakerResoucre\sub670002.png
		HelltakerResoucre\sub670003.png = HelltakerResoucre\sub670003.png
		HelltakerResoucre\sub670004.png = HelltakerResoucre\sub670004.png
		HelltakerResoucre\sub670005.png = HelltakerResoucre\sub670005.png
		HelltakerResoucre\sub670006.png = HelltakerResoucre\sub670006.png
		HelltakerResoucre\sub670007.png = HelltakerResoucre\sub670007.png
		HelltakerResoucre\sub670008.png = HelltakerResoucre\sub670008.png
		HelltakerResoucre\sub670009.png = HelltakerResoucre\sub670009.png
		HelltakerResoucre\sub670010.png = HelltakerResoucre\sub670010.png
		HelltakerResoucre\sub670011.png = HelltakerResoucre\sub670011.png
		HelltakerResoucre\sub670012.png = HelltakerResoucre\sub670012.png
		HelltakerResoucre\sub670013.png = HelltakerResoucre\sub670013.png
		HelltakerResoucre\sub670014.png = HelltakerResoucre\sub670014.png
		HelltakerResoucre\sub670015.png = HelltakerResoucre\sub670015.png
		HelltakerResoucre\sub670016.png = HelltakerResoucre\sub670016.png
		HelltakerResoucre\sub670017.png = HelltakerResoucre\sub670017.png
		HelltakerResoucre\sub670018.png = HelltakerResoucre\sub670018.png
		HelltakerResoucre\sub670019.png = HelltakerResoucre\sub670019.png
		HelltakerResoucre\sub670020.png = HelltakerResoucre\sub670020.png
		HelltakerResoucre\sub670021.png = HelltakerResoucre\sub670021.png
		HelltakerResoucre\sub670022.png = HelltakerResoucre\sub670022.png
		HelltakerResoucre\sub670023.png = HelltakerResoucre\sub670023.png
		HelltakerResoucre\sub670024.png = HelltakerResoucre\sub670024.png
		HelltakerResoucre\sub670025.png = HelltakerResoucre\sub670025.png
		HelltakerResoucre\sub670026.png = HelltakerResoucre\sub670026.png
		HelltakerResoucre\sub670027.png = HelltakerResoucre\sub670027.png
		HelltakerResoucre\sub670028.png = HelltakerResoucre\sub670028.png
		HelltakerResoucre\sub670029.png = HelltakerResoucre\sub670029.png
		HelltakerResoucre\sub670030.png = HelltakerResoucre\sub670030.png
		HelltakerResoucre\sub670031.png = HelltakerResoucre\sub670031.png
		HelltakerResoucre\success0001.png = HelltakerResoucre\success0001.png
		HelltakerResoucre\success0002.png = HelltakerResoucre\success0002.png
		HelltakerResoucre\success0003.png = HelltakerResoucre\success0003.png
		HelltakerResoucre\success0004.png = HelltakerResoucre\success0004.png
		HelltakerResoucre\success0005.png = HelltakerResoucre\success0005.png
		HelltakerResoucre\success0006.png = HelltakerResoucre\success0006.png
		HelltakerResoucre\success0007.png = HelltakerResoucre\success0007.png
		HelltakerResoucre\success0008.png = HelltakerResoucre\success0008.png
		HelltakerResoucre\success0009.png = HelltakerResoucre\success0009.png
		HelltakerResoucre\success0010.png = HelltakerResoucre\success0010.png
		HelltakerResoucre\success0011.png = HelltakerResoucre\success0011.png
		HelltakerResoucre\success0012.png = HelltakerResoucre\success0012.png
		HelltakerResoucre\success0013.png = HelltakerResoucre\success0013.png
		HelltakerResoucre\success0014.png = HelltakerResoucre\success0014.png
		HelltakerResoucre\success0015.png = HelltakerResoucre\success0015.png
		HelltakerResoucre\success0016.png = HelltakerResoucre\success0016.png
		HelltakerResoucre\target_EXPORT0001.png = HelltakerResoucre\target_EXPORT0001.png
		HelltakerResoucre\transition0002.png = HelltakerResoucre\transition0002.png
		HelltakerResoucre\transition0003.png = HelltakerResoucre\transition0003.png
		HelltakerResoucre\transition0004.png = HelltakerResoucre\transition0004.png
		HelltakerResoucre\transition0005.png = HelltakerResoucre\transition0005.png
		HelltakerResoucre\transition0006.png = HelltakerResoucre\transition0006.png
		HelltakerResoucre\transition0007.png = HelltakerResoucre\transition0007.png
		HelltakerResoucre\transition0008.png = HelltakerResoucre\transition0008.png
		HelltakerResoucre\transition0009.png = HelltakerResoucre\transition0009.png
		HelltakerResoucre\transition0010.png = HelltakerResoucre\transition0010.png
		HelltakerResoucre\transition0011.png = HelltakerResoucre\transition0011.png
		HelltakerResoucre\transition0012.png = HelltakerResoucre\transition0012.png
		HelltakerResoucre\transition0013.png = HelltakerResoucre\transition0013.png
		HelltakerResoucre\transition0014.png = HelltakerResoucre\transition0014.png
		HelltakerResoucre\transition0015.png = HelltakerResoucre\transition0015.png
		HelltakerResoucre\transition0016.png = HelltakerResoucre\transition0016.png
		HelltakerResoucre\transition0017.png = HelltakerResoucre\transition0017.png
		HelltakerResoucre\transition0018.png = HelltakerResoucre\transition0018.png
		HelltakerResoucre\transition0019.png = HelltakerResoucre\transition0019.png
		HelltakerResoucre\transition0020.png = HelltakerResoucre\transition0020.png
		HelltakerResoucre\transition0021.png = HelltakerResoucre\transition0021.png
		HelltakerResoucre\transition0022.png = HelltakerResoucre\transition0022.png
		HelltakerResoucre\transition0023.png = HelltakerResoucre\transition0023.png
		HelltakerResoucre\transition0024.png = HelltakerResoucre\transition0024.png
		HelltakerResoucre\transition0025.png = HelltakerResoucre\transition0025.png
		HelltakerResoucre\transition0026.png = HelltakerResoucre\transition0026.png
		HelltakerResoucre\transition0027.png = HelltakerResoucre\transition0027.png
		HelltakerResoucre\transition0028.png = HelltakerResoucre\transition0028.png
		HelltakerResoucre\transition0029.png = HelltakerResoucre\transition0029.png
		HelltakerResoucre\transition0030.png = HelltakerResoucre\transition0030.png
		HelltakerResoucre\transitionHM0002.png = HelltakerResoucre\transitionHM0002.png
		HelltakerResoucre\transitionHM0003.png = HelltakerResoucre\transitionHM0003.png
		HelltakerResoucre\transitionHM0004.png = HelltakerResoucre\transitionHM0004.png
		HelltakerResoucre\transitionHM0005.png = HelltakerResoucre\transitionHM0005.png
		HelltakerResoucre\transitionHM0006.png = HelltakerResoucre\transitionHM0006.png
		HelltakerResoucre\transitionHM0007.png = HelltakerResoucre\transitionHM0007.png
		HelltakerResoucre\transitionHM0008.png = HelltakerResoucre\transitionHM0008.png
		HelltakerResoucre\transitionHM0009.png = HelltakerResoucre\transitionHM0009.png
		HelltakerResoucre\transitionHM0010.png = HelltakerResoucre\transitionHM0010.png
		HelltakerResoucre\transitionHM0011.png = HelltakerResoucre\transitionHM0011.png
		HelltakerResoucre\transitionHM0012.png = HelltakerResoucre\transitionHM0012.png
		HelltakerResoucre\transitionHM0013.png = HelltakerResoucre\transitionHM0013.png
		HelltakerResoucre\transitionHM0014.png = HelltakerResoucre\transitionHM0014.png
		HelltakerResoucre\transitionHM0015.png = HelltakerResoucre\transitionHM0015.png
		HelltakerResoucre\transitionHM0016.png = HelltakerResoucre\transitionHM0016.png
		HelltakerResoucre\transitionHM0022.png = HelltakerResoucre\transitionHM0022.png
		HelltakerResoucre\transitionHM0023.png = HelltakerResoucre\transitionHM0023.png
		HelltakerResoucre\transitionHM0024.png = HelltakerResoucre\transitionHM0024.png
		HelltakerResoucre\transitionHM0025.png = HelltakerResoucre\transitionHM0025.png
		HelltakerResoucre\transitionHM0026.png = HelltakerResoucre\transitionHM0026.png
		HelltakerResoucre\transitionHM0027.png = HelltakerResoucre\transitionHM0027.png
		HelltakerResoucre\transitionHM0028.png = HelltakerResoucre\transitionHM0028.png
		HelltakerResoucre\transitionHM0029.png = HelltakerResoucre\transitionHM0029.png
		HelltakerResoucre\transitionHM0030.png = HelltakerResoucre\transitionHM0030.png
		HelltakerResoucre\UISprite.png = HelltakerResoucre\UISprite.png
		HelltakerResoucre\UnitySplash-cube.png = HelltakerResoucre\UnitySplash-cube.png
		HelltakerResoucre\vfx0001.png = HelltakerResoucre\vfx0001.png
		HelltakerResoucre\vfx0002.png = HelltakerResoucre\vfx0002.png
		HelltakerResoucre\vfx0003.png = HelltakerResoucre\vfx0003.png
		HelltakerResoucre\vfx0004.png = HelltakerResoucre\vfx0004.png
		HelltakerResoucre\vfx0005.png = HelltakerResoucre\vfx0005.png
		HelltakerResoucre\vfx0006.png = HelltakerResoucre\vfx0006.png
		HelltakerResoucre\vfx0007.png = HelltakerResoucre\vfx0007.png
		HelltakerResoucre\vfx0008.png = HelltakerResoucre\vfx0008.png
		HelltakerResoucre\vfx0009.png = HelltakerResoucre\vfx0009.png
		HelltakerResoucre\vfx0010.png = HelltakerResoucre\vfx0010.png
		HelltakerResoucre\W_chapter1.png = HelltakerResoucre\W_chapter1.png
		HelltakerResoucre\W_chapter2.png = HelltakerResoucre\W_chapter2.png
		HelltakerResoucre\W_chapterSelect.png = HelltakerResoucre\W_chapterSelect.png
		HelltakerResoucre\W_selection.png = HelltakerResoucre\W_selection.png
		HelltakerResoucre\wallTube.png = HelltakerResoucre\wallTube.png
		HelltakerResoucre\wallVent.png = HelltakerResoucre\wallVent.png
		HelltakerResoucre\waveSpikes0000.png = HelltakerResoucre\waveSpikes0000.png
		HelltakerResoucre\waveSpikes0001.png = HelltakerResoucre\waveSpikes0001.png
		HelltakerResoucre\waveSpikes0002.png = HelltakerResoucre\waveSpikes0002.png
		HelltakerResoucre\waveSpikes0003.png = HelltakerResoucre\waveSpikes0003.png
		HelltakerResoucre\waveSpikes0004.png = HelltakerResoucre\waveSpikes0004.png
		HelltakerResoucre\waveSpikes0005.png = HelltakerResoucre\waveSpikes0005.png
		HelltakerResoucre\waveSpikes0006.png = HelltakerResoucre\waveSpikes0006.png
		HelltakerResoucre\waveSpikes0007.png = HelltakerResoucre\waveSpikes0007.png
		HelltakerResoucre\waveSpikes0009.png = HelltakerResoucre\waveSpikes0009.png
		HelltakerResoucre\whiteCircle.png = HelltakerResoucre\whiteCircle.png
		HelltakerResoucre\z_idle.png = HelltakerResoucre\z_idle.png
		HelltakerResoucre\z_ignite1.png = HelltakerResoucre\z_ignite1.png
		HelltakerResoucre\z_ignite2.png = HelltakerResoucre\z_ignite2.png
		HelltakerResoucre\z_ignite3.png = HelltakerResoucre\z_ignite3.png
		HelltakerResoucre\z_ignite4.png = HelltakerResoucre\z_ignite4.png
		HelltakerResoucre\z_laugh.png = HelltakerResoucre\z_laugh.png
		HelltakerResoucre\z_snap.png = HelltakerResoucre\z_snap.png
		HelltakerResoucre\zdrada_finalModel0001.png = HelltakerResoucre\zdrada_finalModel0001.png
		HelltakerResoucre\zdrada_finalModel0002.png = HelltakerResoucre\zdrada_finalModel0002.png
		HelltakerResoucre\zdrada_finalModel0003.png = HelltakerResoucre\zdrada_finalModel0003.png
		HelltakerResoucre\zdrada_finalModel0004.png = HelltakerResoucre\zdrada_finalModel0004.png
		HelltakerResoucre\zdrada_finalModel0005.png = HelltakerResoucre\zdrada_finalModel0005.png
		HelltakerResoucre\zdrada_finalModel0006.png = HelltakerResoucre\zdrada_finalModel0006.png
		HelltakerResoucre\zdrada_finalModel0007.png = HelltakerResoucre\zdrada_finalModel0007.png
		HelltakerResoucre\zdrada_finalModel0008.png = HelltakerResoucre\zdrada_finalModel0008.png
		HelltakerResoucre\zdrada_finalModel0009.png = HelltakerResoucre\zdrada_finalModel0009.png
		HelltakerResoucre\zdrada_finalModel0010.png = HelltakerResoucre\zdrada_finalModel0010.png
		HelltakerResoucre\zdrada_finalModel0011.png = HelltakerResoucre\zdrada_finalModel0011.png
		HelltakerResoucre\zdrada_finalModel0012.png = HelltakerResoucre\zdrada_finalModel0012.png
	EndProjectSection
EndProject
Global
	GlobalSection(SolutionProperties) = preSolution
		HideSolutionNode = FALSE
	EndGlobalSection
	GlobalSection(ExtensibilityGlobals) = postSolution
		SolutionGuid = {86D71B90-ED32-47F2-8980-13AF2FB2B2C3}
	EndGlobalSection
EndGlobal
